
Microsoft Visual Studio Solution File, Format Version 12.00
# Visual Studio Version 17
VisualStudioVersion = 17.4.33403.182
MinimumVisualStudioVersion = 10.0.40219.1
Project("{FAE04EC0-301F-11D3-BF4B-00C04F79EFBC}") = "Manipulação de strings", "Manipulação de strings\Manipulação de strings.csproj", "{F579FA0D-B68F-41D1-9A32-FA86830CBA9C}"
EndProject
Global
	GlobalSection(SolutionConfigurationPlatforms) = preSolution
		Debug|Any CPU = Debug|Any CPU
		Release|Any CPU = Release|Any CPU
	EndGlobalSection
	GlobalSection(ProjectConfigurationPlatforms) = postSolution
		{F579FA0D-B68F-41D1-9A32-FA86830CBA9C}.Debug|Any CPU.ActiveCfg = Debug|Any CPU
		{F579FA0D-B68F-41D1-9A32-FA86830CBA9C}.Debug|Any CPU.Build.0 = Debug|Any CPU
		{F579FA0D-B68F-41D1-9A32-FA86830CBA9C}.Release|Any CPU.ActiveCfg = Release|Any CPU
		{F579FA0D-B68F-41D1-9A32-FA86830CBA9C}.Release|Any CPU.Build.0 = Release|Any CPU
	EndGlobalSection
	GlobalSection(SolutionProperties) = preSolution
		HideSolutionNode = FALSE
	EndGlobalSection
	GlobalSection(ExtensibilityGlobals) = postSolution
		SolutionGuid = {405815F2-193F-4F9F-A400-2B3A626C0A64}
	EndGlobalSection
EndGlobal
